
Microsoft Visual Studio Solution File, Format Version 12.00
# Visual Studio Version 16
VisualStudioVersion = 16.0.31205.134
MinimumVisualStudioVersion = 10.0.40219.1
Project("{FAE04EC0-301F-11D3-BF4B-00C04F79EFBC}") = "Resume", "Resume\Resume.csproj", "{AB505CE8-8E29-40C8-927F-13514E5B50F0}"
EndProject
Global
	GlobalSection(SolutionConfigurationPlatforms) = preSolution
		Debug|Any CPU = Debug|Any CPU
		Release|Any CPU = Release|Any CPU
	EndGlobalSection
	GlobalSection(ProjectConfigurationPlatforms) = postSolution
		{AB505CE8-8E29-40C8-927F-13514E5B50F0}.Debug|Any CPU.ActiveCfg = Debug|Any CPU
		{AB505CE8-8E29-40C8-927F-13514E5B50F0}.Debug|Any CPU.Build.0 = Debug|Any CPU
		{AB505CE8-8E29-40C8-927F-13514E5B50F0}.Release|Any CPU.ActiveCfg = Release|Any CPU
		{AB505CE8-8E29-40C8-927F-13514E5B50F0}.Release|Any CPU.Build.0 = Release|Any CPU
	EndGlobalSection
	GlobalSection(SolutionProperties) = preSolution
		HideSolutionNode = FALSE
	EndGlobalSection
	GlobalSection(ExtensibilityGlobals) = postSolution
		SolutionGuid = {A45EEAE0-2B06-4351-9055-5F895BD70427}
	EndGlobalSection
EndGlobal
